
Microsoft Visual Studio Solution File, Format Version 12.00
# Visual Studio Version 17
VisualStudioVersion = 17.3.32901.215
MinimumVisualStudioVersion = 10.0.40219.1
Project("{FAE04EC0-301F-11D3-BF4B-00C04F79EFBC}") = "Movie_info_ass3", "Movie_info_ass3\Movie_info_ass3.csproj", "{11AD57E8-73F0-4DD7-AEF9-DE504BE541D1}"
EndProject
Global
	GlobalSection(SolutionConfigurationPlatforms) = preSolution
		Debug|Any CPU = Debug|Any CPU
		Release|Any CPU = Release|Any CPU
	EndGlobalSection
	GlobalSection(ProjectConfigurationPlatforms) = postSolution
		{11AD57E8-73F0-4DD7-AEF9-DE504BE541D1}.Debug|Any CPU.ActiveCfg = Debug|Any CPU
		{11AD57E8-73F0-4DD7-AEF9-DE504BE541D1}.Debug|Any CPU.Build.0 = Debug|Any CPU
		{11AD57E8-73F0-4DD7-AEF9-DE504BE541D1}.Release|Any CPU.ActiveCfg = Release|Any CPU
		{11AD57E8-73F0-4DD7-AEF9-DE504BE541D1}.Release|Any CPU.Build.0 = Release|Any CPU
	EndGlobalSection
	GlobalSection(SolutionProperties) = preSolution
		HideSolutionNode = FALSE
	EndGlobalSection
	GlobalSection(ExtensibilityGlobals) = postSolution
		SolutionGuid = {03D1B6CA-EA52-4E8D-8216-47BE6FA32C4C}
	EndGlobalSection
EndGlobal
